// !$*UTF8*$!
{
	archiveVersion = 1;
	classes = {
	};
	objectVersion = 50;
	objects = {

/* Begin PBXBuildFile section */
		91514FBFA021428DDDD69AC0 /* Pods_mbpg_cleanswiftTests.framework in Frameworks */ = {isa = PBXBuildFile; fileRef = 96508B906BA6023485A196B2 /* Pods_mbpg_cleanswiftTests.framework */; };
		9C27776121423CB7006CA360 /* MobileData.swift in Sources */ = {isa = PBXBuildFile; fileRef = 9C27776021423CB7006CA360 /* MobileData.swift */; };
		9C2777632142553D006CA360 /* APIError.swift in Sources */ = {isa = PBXBuildFile; fileRef = 9C2777622142553D006CA360 /* APIError.swift */; };
		9C277767214269AB006CA360 /* MobileListCell.swift in Sources */ = {isa = PBXBuildFile; fileRef = 9C277765214269AA006CA360 /* MobileListCell.swift */; };
		9C277768214269AB006CA360 /* MobileListCell.xib in Resources */ = {isa = PBXBuildFile; fileRef = 9C277766214269AB006CA360 /* MobileListCell.xib */; };
		9C27776B21427EDD006CA360 /* CustomSegmentedControl.swift in Sources */ = {isa = PBXBuildFile; fileRef = 9C27776A21427EDD006CA360 /* CustomSegmentedControl.swift */; };
		9C27777521429197006CA360 /* MobileDetailStore.swift in Sources */ = {isa = PBXBuildFile; fileRef = 9C27776D21429197006CA360 /* MobileDetailStore.swift */; };
		9C27777621429197006CA360 /* MobileDetailPresenter.swift in Sources */ = {isa = PBXBuildFile; fileRef = 9C27776E21429197006CA360 /* MobileDetailPresenter.swift */; };
		9C27777721429197006CA360 /* MobileDetailWorker.swift in Sources */ = {isa = PBXBuildFile; fileRef = 9C27776F21429197006CA360 /* MobileDetailWorker.swift */; };
		9C27777821429197006CA360 /* MobileDetailRouter.swift in Sources */ = {isa = PBXBuildFile; fileRef = 9C27777021429197006CA360 /* MobileDetailRouter.swift */; };
		9C27777921429197006CA360 /* MobileDetailModels.swift in Sources */ = {isa = PBXBuildFile; fileRef = 9C27777121429197006CA360 /* MobileDetailModels.swift */; };
		9C27777A21429197006CA360 /* MobileDetailViewController.swift in Sources */ = {isa = PBXBuildFile; fileRef = 9C27777221429197006CA360 /* MobileDetailViewController.swift */; };
		9C27777B21429197006CA360 /* MobileDetailInteractor.swift in Sources */ = {isa = PBXBuildFile; fileRef = 9C27777321429197006CA360 /* MobileDetailInteractor.swift */; };
		9C529CAA2140DF09002C09C2 /* ListMobileStore.swift in Sources */ = {isa = PBXBuildFile; fileRef = 9C529CA22140DF09002C09C2 /* ListMobileStore.swift */; };
		9C529CAB2140DF09002C09C2 /* ListMobilePresenter.swift in Sources */ = {isa = PBXBuildFile; fileRef = 9C529CA32140DF09002C09C2 /* ListMobilePresenter.swift */; };
		9C529CAC2140DF09002C09C2 /* ListMobileWorker.swift in Sources */ = {isa = PBXBuildFile; fileRef = 9C529CA42140DF09002C09C2 /* ListMobileWorker.swift */; };
		9C529CAD2140DF09002C09C2 /* ListMobileRouter.swift in Sources */ = {isa = PBXBuildFile; fileRef = 9C529CA52140DF09002C09C2 /* ListMobileRouter.swift */; };
		9C529CAE2140DF09002C09C2 /* ListMobileModels.swift in Sources */ = {isa = PBXBuildFile; fileRef = 9C529CA62140DF09002C09C2 /* ListMobileModels.swift */; };
		9C529CAF2140DF09002C09C2 /* ListMobileViewController.swift in Sources */ = {isa = PBXBuildFile; fileRef = 9C529CA72140DF09002C09C2 /* ListMobileViewController.swift */; };
		9C529CB02140DF09002C09C2 /* ListMobileInteractor.swift in Sources */ = {isa = PBXBuildFile; fileRef = 9C529CA82140DF09002C09C2 /* ListMobileInteractor.swift */; };
		9C529CB72140ED54002C09C2 /* MobilesAPI.swift in Sources */ = {isa = PBXBuildFile; fileRef = 9C529CB62140ED54002C09C2 /* MobilesAPI.swift */; };
		9C834B49214612E60016750D /* HorizontalScrollableImagesView.swift in Sources */ = {isa = PBXBuildFile; fileRef = 9C834B48214612E60016750D /* HorizontalScrollableImagesView.swift */; };
		9C834B4D214623BE0016750D /* MobileImageCollectionCell.swift in Sources */ = {isa = PBXBuildFile; fileRef = 9C834B4B214623BE0016750D /* MobileImageCollectionCell.swift */; };
		9C834B4E214623BE0016750D /* MobileImageCollectionCell.xib in Resources */ = {isa = PBXBuildFile; fileRef = 9C834B4C214623BE0016750D /* MobileImageCollectionCell.xib */; };
		9C834B50214625170016750D /* MobileImagesResponse.swift in Sources */ = {isa = PBXBuildFile; fileRef = 9C834B4F214625170016750D /* MobileImagesResponse.swift */; };
		9C834B5221464BF50016750D /* UIView+Extension.swift in Sources */ = {isa = PBXBuildFile; fileRef = 9C834B5121464BF40016750D /* UIView+Extension.swift */; };
		9C834B5421464E1A0016750D /* LoadingView.xib in Resources */ = {isa = PBXBuildFile; fileRef = 9C834B5321464E190016750D /* LoadingView.xib */; };
		9C834B57214653090016750D /* FavouriteWorker.swift in Sources */ = {isa = PBXBuildFile; fileRef = 9C834B56214653090016750D /* FavouriteWorker.swift */; };
		9CA0D09C2140D65D00B0CB46 /* AppDelegate.swift in Sources */ = {isa = PBXBuildFile; fileRef = 9CA0D09B2140D65D00B0CB46 /* AppDelegate.swift */; };
		9CA0D0A12140D65D00B0CB46 /* Main.storyboard in Resources */ = {isa = PBXBuildFile; fileRef = 9CA0D09F2140D65D00B0CB46 /* Main.storyboard */; };
		9CA0D0A32140D65E00B0CB46 /* Assets.xcassets in Resources */ = {isa = PBXBuildFile; fileRef = 9CA0D0A22140D65E00B0CB46 /* Assets.xcassets */; };
		9CA0D0A62140D65E00B0CB46 /* LaunchScreen.storyboard in Resources */ = {isa = PBXBuildFile; fileRef = 9CA0D0A42140D65E00B0CB46 /* LaunchScreen.storyboard */; };
		9CA0D0B12140D65E00B0CB46 /* mbpg_cleanswiftTests.swift in Sources */ = {isa = PBXBuildFile; fileRef = 9CA0D0B02140D65E00B0CB46 /* mbpg_cleanswiftTests.swift */; };
		FE7C7E219EEBF84FBA7F9374 /* Pods_mbpg_cleanswift.framework in Frameworks */ = {isa = PBXBuildFile; fileRef = D48E83829DCAB367204473A6 /* Pods_mbpg_cleanswift.framework */; };
/* End PBXBuildFile section */

/* Begin PBXContainerItemProxy section */
		9CA0D0AD2140D65E00B0CB46 /* PBXContainerItemProxy */ = {
			isa = PBXContainerItemProxy;
			containerPortal = 9CA0D0902140D65D00B0CB46 /* Project object */;
			proxyType = 1;
			remoteGlobalIDString = 9CA0D0972140D65D00B0CB46;
			remoteInfo = mbpg_cleanswift;
		};
/* End PBXContainerItemProxy section */

/* Begin PBXFileReference section */
		32F3D0964EE75141538FEFE2 /* Pods-mbpg_cleanswiftTests.debug.xcconfig */ = {isa = PBXFileReference; includeInIndex = 1; lastKnownFileType = text.xcconfig; name = "Pods-mbpg_cleanswiftTests.debug.xcconfig"; path = "Pods/Target Support Files/Pods-mbpg_cleanswiftTests/Pods-mbpg_cleanswiftTests.debug.xcconfig"; sourceTree = "<group>"; };
		5EB22CBD3EFFE334B6EB042F /* Pods-mbpg_cleanswift.debug.xcconfig */ = {isa = PBXFileReference; includeInIndex = 1; lastKnownFileType = text.xcconfig; name = "Pods-mbpg_cleanswift.debug.xcconfig"; path = "Pods/Target Support Files/Pods-mbpg_cleanswift/Pods-mbpg_cleanswift.debug.xcconfig"; sourceTree = "<group>"; };
		69E86CB1CA2183E27784879C /* Pods-mbpg_cleanswiftTests.release.xcconfig */ = {isa = PBXFileReference; includeInIndex = 1; lastKnownFileType = text.xcconfig; name = "Pods-mbpg_cleanswiftTests.release.xcconfig"; path = "Pods/Target Support Files/Pods-mbpg_cleanswiftTests/Pods-mbpg_cleanswiftTests.release.xcconfig"; sourceTree = "<group>"; };
		91E4F90EC0D9F3FD6E188E05 /* Pods-mbpg_cleanswift.release.xcconfig */ = {isa = PBXFileReference; includeInIndex = 1; lastKnownFileType = text.xcconfig; name = "Pods-mbpg_cleanswift.release.xcconfig"; path = "Pods/Target Support Files/Pods-mbpg_cleanswift/Pods-mbpg_cleanswift.release.xcconfig"; sourceTree = "<group>"; };
		96508B906BA6023485A196B2 /* Pods_mbpg_cleanswiftTests.framework */ = {isa = PBXFileReference; explicitFileType = wrapper.framework; includeInIndex = 0; path = Pods_mbpg_cleanswiftTests.framework; sourceTree = BUILT_PRODUCTS_DIR; };
		9C27776021423CB7006CA360 /* MobileData.swift */ = {isa = PBXFileReference; lastKnownFileType = sourcecode.swift; path = MobileData.swift; sourceTree = "<group>"; };
		9C2777622142553D006CA360 /* APIError.swift */ = {isa = PBXFileReference; fileEncoding = 4; lastKnownFileType = sourcecode.swift; path = APIError.swift; sourceTree = "<group>"; };
		9C277765214269AA006CA360 /* MobileListCell.swift */ = {isa = PBXFileReference; fileEncoding = 4; lastKnownFileType = sourcecode.swift; path = MobileListCell.swift; sourceTree = "<group>"; };
		9C277766214269AB006CA360 /* MobileListCell.xib */ = {isa = PBXFileReference; fileEncoding = 4; lastKnownFileType = file.xib; path = MobileListCell.xib; sourceTree = "<group>"; };
		9C27776A21427EDD006CA360 /* CustomSegmentedControl.swift */ = {isa = PBXFileReference; fileEncoding = 4; lastKnownFileType = sourcecode.swift; path = CustomSegmentedControl.swift; sourceTree = "<group>"; };
		9C27776D21429197006CA360 /* MobileDetailStore.swift */ = {isa = PBXFileReference; lastKnownFileType = sourcecode.swift; path = MobileDetailStore.swift; sourceTree = "<group>"; };
		9C27776E21429197006CA360 /* MobileDetailPresenter.swift */ = {isa = PBXFileReference; lastKnownFileType = sourcecode.swift; path = MobileDetailPresenter.swift; sourceTree = "<group>"; };
		9C27776F21429197006CA360 /* MobileDetailWorker.swift */ = {isa = PBXFileReference; lastKnownFileType = sourcecode.swift; path = MobileDetailWorker.swift; sourceTree = "<group>"; };
		9C27777021429197006CA360 /* MobileDetailRouter.swift */ = {isa = PBXFileReference; lastKnownFileType = sourcecode.swift; path = MobileDetailRouter.swift; sourceTree = "<group>"; };
		9C27777121429197006CA360 /* MobileDetailModels.swift */ = {isa = PBXFileReference; lastKnownFileType = sourcecode.swift; path = MobileDetailModels.swift; sourceTree = "<group>"; };
		9C27777221429197006CA360 /* MobileDetailViewController.swift */ = {isa = PBXFileReference; lastKnownFileType = sourcecode.swift; path = MobileDetailViewController.swift; sourceTree = "<group>"; };
		9C27777321429197006CA360 /* MobileDetailInteractor.swift */ = {isa = PBXFileReference; lastKnownFileType = sourcecode.swift; path = MobileDetailInteractor.swift; sourceTree = "<group>"; };
		9C529C9D2140DAD1002C09C2 /* Kingfisher.framework */ = {isa = PBXFileReference; lastKnownFileType = wrapper.framework; name = Kingfisher.framework; path = Carthage/Build/iOS/Kingfisher.framework; sourceTree = "<group>"; };
		9C529C9E2140DAD1002C09C2 /* Alamofire.framework */ = {isa = PBXFileReference; lastKnownFileType = wrapper.framework; name = Alamofire.framework; path = Carthage/Build/iOS/Alamofire.framework; sourceTree = "<group>"; };
		9C529CA22140DF09002C09C2 /* ListMobileStore.swift */ = {isa = PBXFileReference; lastKnownFileType = sourcecode.swift; path = ListMobileStore.swift; sourceTree = "<group>"; };
		9C529CA32140DF09002C09C2 /* ListMobilePresenter.swift */ = {isa = PBXFileReference; lastKnownFileType = sourcecode.swift; path = ListMobilePresenter.swift; sourceTree = "<group>"; };
		9C529CA42140DF09002C09C2 /* ListMobileWorker.swift */ = {isa = PBXFileReference; lastKnownFileType = sourcecode.swift; path = ListMobileWorker.swift; sourceTree = "<group>"; };
		9C529CA52140DF09002C09C2 /* ListMobileRouter.swift */ = {isa = PBXFileReference; lastKnownFileType = sourcecode.swift; path = ListMobileRouter.swift; sourceTree = "<group>"; };
		9C529CA62140DF09002C09C2 /* ListMobileModels.swift */ = {isa = PBXFileReference; lastKnownFileType = sourcecode.swift; path = ListMobileModels.swift; sourceTree = "<group>"; };
		9C529CA72140DF09002C09C2 /* ListMobileViewController.swift */ = {isa = PBXFileReference; lastKnownFileType = sourcecode.swift; path = ListMobileViewController.swift; sourceTree = "<group>"; };
		9C529CA82140DF09002C09C2 /* ListMobileInteractor.swift */ = {isa = PBXFileReference; lastKnownFileType = sourcecode.swift; path = ListMobileInteractor.swift; sourceTree = "<group>"; };
		9C529CB62140ED54002C09C2 /* MobilesAPI.swift */ = {isa = PBXFileReference; fileEncoding = 4; lastKnownFileType = sourcecode.swift; path = MobilesAPI.swift; sourceTree = "<group>"; };
		9C529CB82140F120002C09C2 /* ObjectMapper.framework */ = {isa = PBXFileReference; lastKnownFileType = wrapper.framework; name = ObjectMapper.framework; path = Carthage/Build/iOS/ObjectMapper.framework; sourceTree = "<group>"; };
		9C529CB92140F120002C09C2 /* RxBlocking.framework */ = {isa = PBXFileReference; lastKnownFileType = wrapper.framework; name = RxBlocking.framework; path = Carthage/Build/iOS/RxBlocking.framework; sourceTree = "<group>"; };
		9C529CBA2140F120002C09C2 /* RxTest.framework */ = {isa = PBXFileReference; lastKnownFileType = wrapper.framework; name = RxTest.framework; path = Carthage/Build/iOS/RxTest.framework; sourceTree = "<group>"; };
		9C529CBB2140F120002C09C2 /* Moya.framework */ = {isa = PBXFileReference; lastKnownFileType = wrapper.framework; name = Moya.framework; path = Carthage/Build/iOS/Moya.framework; sourceTree = "<group>"; };
		9C529CBC2140F120002C09C2 /* RxCocoa.framework */ = {isa = PBXFileReference; lastKnownFileType = wrapper.framework; name = RxCocoa.framework; path = Carthage/Build/iOS/RxCocoa.framework; sourceTree = "<group>"; };
		9C529CBD2140F120002C09C2 /* RxSwift.framework */ = {isa = PBXFileReference; lastKnownFileType = wrapper.framework; name = RxSwift.framework; path = Carthage/Build/iOS/RxSwift.framework; sourceTree = "<group>"; };
		9C529CBE2140F120002C09C2 /* ReactiveMoya.framework */ = {isa = PBXFileReference; lastKnownFileType = wrapper.framework; name = ReactiveMoya.framework; path = Carthage/Build/iOS/ReactiveMoya.framework; sourceTree = "<group>"; };
		9C529CBF2140F120002C09C2 /* ReactiveSwift.framework */ = {isa = PBXFileReference; lastKnownFileType = wrapper.framework; name = ReactiveSwift.framework; path = Carthage/Build/iOS/ReactiveSwift.framework; sourceTree = "<group>"; };
		9C529CC02140F120002C09C2 /* RxMoya.framework */ = {isa = PBXFileReference; lastKnownFileType = wrapper.framework; name = RxMoya.framework; path = Carthage/Build/iOS/RxMoya.framework; sourceTree = "<group>"; };
		9C529CC12140F120002C09C2 /* Result.framework */ = {isa = PBXFileReference; lastKnownFileType = wrapper.framework; name = Result.framework; path = Carthage/Build/iOS/Result.framework; sourceTree = "<group>"; };
		9C834B48214612E60016750D /* HorizontalScrollableImagesView.swift */ = {isa = PBXFileReference; fileEncoding = 4; lastKnownFileType = sourcecode.swift; path = HorizontalScrollableImagesView.swift; sourceTree = "<group>"; };
		9C834B4B214623BE0016750D /* MobileImageCollectionCell.swift */ = {isa = PBXFileReference; fileEncoding = 4; lastKnownFileType = sourcecode.swift; path = MobileImageCollectionCell.swift; sourceTree = "<group>"; };
		9C834B4C214623BE0016750D /* MobileImageCollectionCell.xib */ = {isa = PBXFileReference; fileEncoding = 4; lastKnownFileType = file.xib; path = MobileImageCollectionCell.xib; sourceTree = "<group>"; };
		9C834B4F214625170016750D /* MobileImagesResponse.swift */ = {isa = PBXFileReference; fileEncoding = 4; lastKnownFileType = sourcecode.swift; path = MobileImagesResponse.swift; sourceTree = "<group>"; };
		9C834B5121464BF40016750D /* UIView+Extension.swift */ = {isa = PBXFileReference; fileEncoding = 4; lastKnownFileType = sourcecode.swift; path = "UIView+Extension.swift"; sourceTree = "<group>"; };
		9C834B5321464E190016750D /* LoadingView.xib */ = {isa = PBXFileReference; fileEncoding = 4; lastKnownFileType = file.xib; path = LoadingView.xib; sourceTree = "<group>"; };
		9C834B56214653090016750D /* FavouriteWorker.swift */ = {isa = PBXFileReference; lastKnownFileType = sourcecode.swift; path = FavouriteWorker.swift; sourceTree = "<group>"; };
		9CA0D0982140D65D00B0CB46 /* mbpg_cleanswift.app */ = {isa = PBXFileReference; explicitFileType = wrapper.application; includeInIndex = 0; path = mbpg_cleanswift.app; sourceTree = BUILT_PRODUCTS_DIR; };
		9CA0D09B2140D65D00B0CB46 /* AppDelegate.swift */ = {isa = PBXFileReference; lastKnownFileType = sourcecode.swift; path = AppDelegate.swift; sourceTree = "<group>"; };
		9CA0D0A02140D65D00B0CB46 /* Base */ = {isa = PBXFileReference; lastKnownFileType = file.storyboard; name = Base; path = Base.lproj/Main.storyboard; sourceTree = "<group>"; };
		9CA0D0A22140D65E00B0CB46 /* Assets.xcassets */ = {isa = PBXFileReference; lastKnownFileType = folder.assetcatalog; path = Assets.xcassets; sourceTree = "<group>"; };
		9CA0D0A52140D65E00B0CB46 /* Base */ = {isa = PBXFileReference; lastKnownFileType = file.storyboard; name = Base; path = Base.lproj/LaunchScreen.storyboard; sourceTree = "<group>"; };
		9CA0D0A72140D65E00B0CB46 /* Info.plist */ = {isa = PBXFileReference; lastKnownFileType = text.plist.xml; path = Info.plist; sourceTree = "<group>"; };
		9CA0D0AC2140D65E00B0CB46 /* mbpg_cleanswiftTests.xctest */ = {isa = PBXFileReference; explicitFileType = wrapper.cfbundle; includeInIndex = 0; path = mbpg_cleanswiftTests.xctest; sourceTree = BUILT_PRODUCTS_DIR; };
		9CA0D0B02140D65E00B0CB46 /* mbpg_cleanswiftTests.swift */ = {isa = PBXFileReference; lastKnownFileType = sourcecode.swift; path = mbpg_cleanswiftTests.swift; sourceTree = "<group>"; };
		9CA0D0B22140D65E00B0CB46 /* Info.plist */ = {isa = PBXFileReference; lastKnownFileType = text.plist.xml; path = Info.plist; sourceTree = "<group>"; };
		D48E83829DCAB367204473A6 /* Pods_mbpg_cleanswift.framework */ = {isa = PBXFileReference; explicitFileType = wrapper.framework; includeInIndex = 0; path = Pods_mbpg_cleanswift.framework; sourceTree = BUILT_PRODUCTS_DIR; };
/* End PBXFileReference section */

/* Begin PBXFrameworksBuildPhase section */
		9CA0D0952140D65D00B0CB46 /* Frameworks */ = {
			isa = PBXFrameworksBuildPhase;
			buildActionMask = 2147483647;
			files = (
				FE7C7E219EEBF84FBA7F9374 /* Pods_mbpg_cleanswift.framework in Frameworks */,
			);
			runOnlyForDeploymentPostprocessing = 0;
		};
		9CA0D0A92140D65E00B0CB46 /* Frameworks */ = {
			isa = PBXFrameworksBuildPhase;
			buildActionMask = 2147483647;
			files = (
				91514FBFA021428DDDD69AC0 /* Pods_mbpg_cleanswiftTests.framework in Frameworks */,
			);
			runOnlyForDeploymentPostprocessing = 0;
		};
/* End PBXFrameworksBuildPhase section */

/* Begin PBXGroup section */
		9C27776421426996006CA360 /* Cell */ = {
			isa = PBXGroup;
			children = (
				9C277765214269AA006CA360 /* MobileListCell.swift */,
				9C277766214269AB006CA360 /* MobileListCell.xib */,
			);
			path = Cell;
			sourceTree = "<group>";
		};
		9C27776921427EA2006CA360 /* Views */ = {
			isa = PBXGroup;
			children = (
				9C834B5321464E190016750D /* LoadingView.xib */,
				9C834B48214612E60016750D /* HorizontalScrollableImagesView.swift */,
				9C27776A21427EDD006CA360 /* CustomSegmentedControl.swift */,
				9C834B5121464BF40016750D /* UIView+Extension.swift */,
			);
			path = Views;
			sourceTree = "<group>";
		};
		9C27776C2142915B006CA360 /* MobileDetail */ = {
			isa = PBXGroup;
			children = (
				9C834B4A214623AB0016750D /* Cell */,
				9C27776D21429197006CA360 /* MobileDetailStore.swift */,
				9C27776E21429197006CA360 /* MobileDetailPresenter.swift */,
				9C27776F21429197006CA360 /* MobileDetailWorker.swift */,
				9C27777021429197006CA360 /* MobileDetailRouter.swift */,
				9C27777121429197006CA360 /* MobileDetailModels.swift */,
				9C27777221429197006CA360 /* MobileDetailViewController.swift */,
				9C27777321429197006CA360 /* MobileDetailInteractor.swift */,
			);
			path = MobileDetail;
			sourceTree = "<group>";
		};
		9C529C9C2140DAD1002C09C2 /* Frameworks */ = {
			isa = PBXGroup;
			children = (
				9C529CBB2140F120002C09C2 /* Moya.framework */,
				9C529CB82140F120002C09C2 /* ObjectMapper.framework */,
				9C529CBE2140F120002C09C2 /* ReactiveMoya.framework */,
				9C529CBF2140F120002C09C2 /* ReactiveSwift.framework */,
				9C529CC12140F120002C09C2 /* Result.framework */,
				9C529CB92140F120002C09C2 /* RxBlocking.framework */,
				9C529CBC2140F120002C09C2 /* RxCocoa.framework */,
				9C529CC02140F120002C09C2 /* RxMoya.framework */,
				9C529CBD2140F120002C09C2 /* RxSwift.framework */,
				9C529CBA2140F120002C09C2 /* RxTest.framework */,
				9C529C9E2140DAD1002C09C2 /* Alamofire.framework */,
				9C529C9D2140DAD1002C09C2 /* Kingfisher.framework */,
				D48E83829DCAB367204473A6 /* Pods_mbpg_cleanswift.framework */,
				96508B906BA6023485A196B2 /* Pods_mbpg_cleanswiftTests.framework */,
			);
			name = Frameworks;
			sourceTree = "<group>";
		};
		9C529CB22140DF12002C09C2 /* ListMobile */ = {
			isa = PBXGroup;
			children = (
				9C27776421426996006CA360 /* Cell */,
				9C529CA22140DF09002C09C2 /* ListMobileStore.swift */,
				9C529CA32140DF09002C09C2 /* ListMobilePresenter.swift */,
				9C529CA42140DF09002C09C2 /* ListMobileWorker.swift */,
				9C529CA52140DF09002C09C2 /* ListMobileRouter.swift */,
				9C529CA62140DF09002C09C2 /* ListMobileModels.swift */,
				9C529CA72140DF09002C09C2 /* ListMobileViewController.swift */,
				9C529CA82140DF09002C09C2 /* ListMobileInteractor.swift */,
			);
			path = ListMobile;
			sourceTree = "<group>";
		};
		9C529CB42140E620002C09C2 /* Models */ = {
			isa = PBXGroup;
			children = (
				9C27776021423CB7006CA360 /* MobileData.swift */,
				9C834B4F214625170016750D /* MobileImagesResponse.swift */,
			);
			path = Models;
			sourceTree = "<group>";
		};
		9C529CB52140ECF7002C09C2 /* Services */ = {
			isa = PBXGroup;
			children = (
				9C529CB62140ED54002C09C2 /* MobilesAPI.swift */,
				9C2777622142553D006CA360 /* APIError.swift */,
			);
			path = Services;
			sourceTree = "<group>";
		};
		9C834B4A214623AB0016750D /* Cell */ = {
			isa = PBXGroup;
			children = (
				9C834B4B214623BE0016750D /* MobileImageCollectionCell.swift */,
				9C834B4C214623BE0016750D /* MobileImageCollectionCell.xib */,
			);
			path = Cell;
			sourceTree = "<group>";
		};
		9C834B55214652F10016750D /* Workders */ = {
			isa = PBXGroup;
			children = (
				9C834B56214653090016750D /* FavouriteWorker.swift */,
			);
			path = Workders;
			sourceTree = "<group>";
		};
		9CA0D08F2140D65D00B0CB46 = {
			isa = PBXGroup;
			children = (
				9C27776921427EA2006CA360 /* Views */,
				9C529CB52140ECF7002C09C2 /* Services */,
				9C529CB42140E620002C09C2 /* Models */,
				9C834B55214652F10016750D /* Workders */,
				9CA0D09A2140D65D00B0CB46 /* mbpg_cleanswift */,
				9CA0D0AF2140D65E00B0CB46 /* mbpg_cleanswiftTests */,
				9CA0D0992140D65D00B0CB46 /* Products */,
				9C529C9C2140DAD1002C09C2 /* Frameworks */,
				A4FAFB47663055CE3B624FAB /* Pods */,
			);
			sourceTree = "<group>";
		};
		9CA0D0992140D65D00B0CB46 /* Products */ = {
			isa = PBXGroup;
			children = (
				9CA0D0982140D65D00B0CB46 /* mbpg_cleanswift.app */,
				9CA0D0AC2140D65E00B0CB46 /* mbpg_cleanswiftTests.xctest */,
			);
			name = Products;
			sourceTree = "<group>";
		};
		9CA0D09A2140D65D00B0CB46 /* mbpg_cleanswift */ = {
			isa = PBXGroup;
			children = (
				9C27776C2142915B006CA360 /* MobileDetail */,
				9C529CB22140DF12002C09C2 /* ListMobile */,
				9CA0D09B2140D65D00B0CB46 /* AppDelegate.swift */,
				9CA0D09F2140D65D00B0CB46 /* Main.storyboard */,
				9CA0D0A22140D65E00B0CB46 /* Assets.xcassets */,
				9CA0D0A42140D65E00B0CB46 /* LaunchScreen.storyboard */,
				9CA0D0A72140D65E00B0CB46 /* Info.plist */,
			);
			path = mbpg_cleanswift;
			sourceTree = "<group>";
		};
		9CA0D0AF2140D65E00B0CB46 /* mbpg_cleanswiftTests */ = {
			isa = PBXGroup;
			children = (
				9CA0D0B02140D65E00B0CB46 /* mbpg_cleanswiftTests.swift */,
				9CA0D0B22140D65E00B0CB46 /* Info.plist */,
			);
			path = mbpg_cleanswiftTests;
			sourceTree = "<group>";
		};
		A4FAFB47663055CE3B624FAB /* Pods */ = {
			isa = PBXGroup;
			children = (
				5EB22CBD3EFFE334B6EB042F /* Pods-mbpg_cleanswift.debug.xcconfig */,
				91E4F90EC0D9F3FD6E188E05 /* Pods-mbpg_cleanswift.release.xcconfig */,
				32F3D0964EE75141538FEFE2 /* Pods-mbpg_cleanswiftTests.debug.xcconfig */,
				69E86CB1CA2183E27784879C /* Pods-mbpg_cleanswiftTests.release.xcconfig */,
			);
			name = Pods;
			sourceTree = "<group>";
		};
/* End PBXGroup section */

/* Begin PBXNativeTarget section */
		9CA0D0972140D65D00B0CB46 /* mbpg_cleanswift */ = {
			isa = PBXNativeTarget;
			buildConfigurationList = 9CA0D0B52140D65E00B0CB46 /* Build configuration list for PBXNativeTarget "mbpg_cleanswift" */;
			buildPhases = (
				CEB4558DACA6ED6D1D50C11D /* [CP] Check Pods Manifest.lock */,
				9CA0D0942140D65D00B0CB46 /* Sources */,
				9CA0D0952140D65D00B0CB46 /* Frameworks */,
				9CA0D0962140D65D00B0CB46 /* Resources */,
				42050EE23EA4AF016AF2BABD /* [CP] Embed Pods Frameworks */,
			);
			buildRules = (
			);
			dependencies = (
			);
			name = mbpg_cleanswift;
			productName = mbpg_cleanswift;
			productReference = 9CA0D0982140D65D00B0CB46 /* mbpg_cleanswift.app */;
			productType = "com.apple.product-type.application";
		};
		9CA0D0AB2140D65E00B0CB46 /* mbpg_cleanswiftTests */ = {
			isa = PBXNativeTarget;
			buildConfigurationList = 9CA0D0B82140D65E00B0CB46 /* Build configuration list for PBXNativeTarget "mbpg_cleanswiftTests" */;
			buildPhases = (
				D4009AF81F4E2CCAE784C94F /* [CP] Check Pods Manifest.lock */,
				9CA0D0A82140D65E00B0CB46 /* Sources */,
				9CA0D0A92140D65E00B0CB46 /* Frameworks */,
				9CA0D0AA2140D65E00B0CB46 /* Resources */,
			);
			buildRules = (
			);
			dependencies = (
				9CA0D0AE2140D65E00B0CB46 /* PBXTargetDependency */,
			);
			name = mbpg_cleanswiftTests;
			productName = mbpg_cleanswiftTests;
			productReference = 9CA0D0AC2140D65E00B0CB46 /* mbpg_cleanswiftTests.xctest */;
			productType = "com.apple.product-type.bundle.unit-test";
		};
/* End PBXNativeTarget section */

/* Begin PBXProject section */
		9CA0D0902140D65D00B0CB46 /* Project object */ = {
			isa = PBXProject;
			attributes = {
				LastSwiftUpdateCheck = 0940;
				LastUpgradeCheck = 0940;
				ORGANIZATIONNAME = "Rattee W.";
				TargetAttributes = {
					9CA0D0972140D65D00B0CB46 = {
						CreatedOnToolsVersion = 9.4.1;
					};
					9CA0D0AB2140D65E00B0CB46 = {
						CreatedOnToolsVersion = 9.4.1;
						TestTargetID = 9CA0D0972140D65D00B0CB46;
					};
				};
			};
			buildConfigurationList = 9CA0D0932140D65D00B0CB46 /* Build configuration list for PBXProject "mbpg_cleanswift" */;
			compatibilityVersion = "Xcode 9.3";
			developmentRegion = en;
			hasScannedForEncodings = 0;
			knownRegions = (
				en,
				Base,
			);
			mainGroup = 9CA0D08F2140D65D00B0CB46;
			productRefGroup = 9CA0D0992140D65D00B0CB46 /* Products */;
			projectDirPath = "";
			projectRoot = "";
			targets = (
				9CA0D0972140D65D00B0CB46 /* mbpg_cleanswift */,
				9CA0D0AB2140D65E00B0CB46 /* mbpg_cleanswiftTests */,
			);
		};
/* End PBXProject section */

/* Begin PBXResourcesBuildPhase section */
		9CA0D0962140D65D00B0CB46 /* Resources */ = {
			isa = PBXResourcesBuildPhase;
			buildActionMask = 2147483647;
			files = (
				9CA0D0A62140D65E00B0CB46 /* LaunchScreen.storyboard in Resources */,
				9CA0D0A32140D65E00B0CB46 /* Assets.xcassets in Resources */,
				9CA0D0A12140D65D00B0CB46 /* Main.storyboard in Resources */,
				9C834B5421464E1A0016750D /* LoadingView.xib in Resources */,
				9C277768214269AB006CA360 /* MobileListCell.xib in Resources */,
				9C834B4E214623BE0016750D /* MobileImageCollectionCell.xib in Resources */,
			);
			runOnlyForDeploymentPostprocessing = 0;
		};
		9CA0D0AA2140D65E00B0CB46 /* Resources */ = {
			isa = PBXResourcesBuildPhase;
			buildActionMask = 2147483647;
			files = (
			);
			runOnlyForDeploymentPostprocessing = 0;
		};
/* End PBXResourcesBuildPhase section */

/* Begin PBXShellScriptBuildPhase section */
		42050EE23EA4AF016AF2BABD /* [CP] Embed Pods Frameworks */ = {
			isa = PBXShellScriptBuildPhase;
			buildActionMask = 2147483647;
			files = (
			);
			inputPaths = (
				"${SRCROOT}/Pods/Target Support Files/Pods-mbpg_cleanswift/Pods-mbpg_cleanswift-frameworks.sh",
				"${BUILT_PRODUCTS_DIR}/Alamofire/Alamofire.framework",
				"${BUILT_PRODUCTS_DIR}/Kingfisher/Kingfisher.framework",
				"${BUILT_PRODUCTS_DIR}/Moya/Moya.framework",
				"${BUILT_PRODUCTS_DIR}/ObjectMapper/ObjectMapper.framework",
				"${BUILT_PRODUCTS_DIR}/Result/Result.framework",
			);
			name = "[CP] Embed Pods Frameworks";
			outputPaths = (
				"${TARGET_BUILD_DIR}/${FRAMEWORKS_FOLDER_PATH}/Alamofire.framework",
				"${TARGET_BUILD_DIR}/${FRAMEWORKS_FOLDER_PATH}/Kingfisher.framework",
				"${TARGET_BUILD_DIR}/${FRAMEWORKS_FOLDER_PATH}/Moya.framework",
				"${TARGET_BUILD_DIR}/${FRAMEWORKS_FOLDER_PATH}/ObjectMapper.framework",
				"${TARGET_BUILD_DIR}/${FRAMEWORKS_FOLDER_PATH}/Result.framework",
			);
			runOnlyForDeploymentPostprocessing = 0;
			shellPath = /bin/sh;
			shellScript = "\"${SRCROOT}/Pods/Target Support Files/Pods-mbpg_cleanswift/Pods-mbpg_cleanswift-frameworks.sh\"\n";
			showEnvVarsInLog = 0;
		};
		CEB4558DACA6ED6D1D50C11D /* [CP] Check Pods Manifest.lock */ = {
			isa = PBXShellScriptBuildPhase;
			buildActionMask = 2147483647;
			files = (
			);
			inputPaths = (
				"${PODS_PODFILE_DIR_PATH}/Podfile.lock",
				"${PODS_ROOT}/Manifest.lock",
			);
			name = "[CP] Check Pods Manifest.lock";
			outputPaths = (
				"$(DERIVED_FILE_DIR)/Pods-mbpg_cleanswift-checkManifestLockResult.txt",
			);
			runOnlyForDeploymentPostprocessing = 0;
			shellPath = /bin/sh;
			shellScript = "diff \"${PODS_PODFILE_DIR_PATH}/Podfile.lock\" \"${PODS_ROOT}/Manifest.lock\" > /dev/null\nif [ $? != 0 ] ; then\n    # print error to STDERR\n    echo \"error: The sandbox is not in sync with the Podfile.lock. Run 'pod install' or update your CocoaPods installation.\" >&2\n    exit 1\nfi\n# This output is used by Xcode 'outputs' to avoid re-running this script phase.\necho \"SUCCESS\" > \"${SCRIPT_OUTPUT_FILE_0}\"\n";
			showEnvVarsInLog = 0;
		};
		D4009AF81F4E2CCAE784C94F /* [CP] Check Pods Manifest.lock */ = {
			isa = PBXShellScriptBuildPhase;
			buildActionMask = 2147483647;
			files = (
			);
			inputPaths = (
				"${PODS_PODFILE_DIR_PATH}/Podfile.lock",
				"${PODS_ROOT}/Manifest.lock",
			);
			name = "[CP] Check Pods Manifest.lock";
			outputPaths = (
				"$(DERIVED_FILE_DIR)/Pods-mbpg_cleanswiftTests-checkManifestLockResult.txt",
			);
			runOnlyForDeploymentPostprocessing = 0;
			shellPath = /bin/sh;
			shellScript = "diff \"${PODS_PODFILE_DIR_PATH}/Podfile.lock\" \"${PODS_ROOT}/Manifest.lock\" > /dev/null\nif [ $? != 0 ] ; then\n    # print error to STDERR\n    echo \"error: The sandbox is not in sync with the Podfile.lock. Run 'pod install' or update your CocoaPods installation.\" >&2\n    exit 1\nfi\n# This output is used by Xcode 'outputs' to avoid re-running this script phase.\necho \"SUCCESS\" > \"${SCRIPT_OUTPUT_FILE_0}\"\n";
			showEnvVarsInLog = 0;
		};
/* End PBXShellScriptBuildPhase section */

/* Begin PBXSourcesBuildPhase section */
		9CA0D0942140D65D00B0CB46 /* Sources */ = {
			isa = PBXSourcesBuildPhase;
			buildActionMask = 2147483647;
			files = (
				9C27777A21429197006CA360 /* MobileDetailViewController.swift in Sources */,
				9C27777921429197006CA360 /* MobileDetailModels.swift in Sources */,
				9C529CB72140ED54002C09C2 /* MobilesAPI.swift in Sources */,
				9C529CAB2140DF09002C09C2 /* ListMobilePresenter.swift in Sources */,
				9C529CAA2140DF09002C09C2 /* ListMobileStore.swift in Sources */,
				9C277767214269AB006CA360 /* MobileListCell.swift in Sources */,
				9C529CAE2140DF09002C09C2 /* ListMobileModels.swift in Sources */,
				9C529CAF2140DF09002C09C2 /* ListMobileViewController.swift in Sources */,
				9C834B49214612E60016750D /* HorizontalScrollableImagesView.swift in Sources */,
				9C27777821429197006CA360 /* MobileDetailRouter.swift in Sources */,
				9C834B57214653090016750D /* FavouriteWorker.swift in Sources */,
				9C2777632142553D006CA360 /* APIError.swift in Sources */,
				9C529CB02140DF09002C09C2 /* ListMobileInteractor.swift in Sources */,
				9C834B50214625170016750D /* MobileImagesResponse.swift in Sources */,
				9C27777721429197006CA360 /* MobileDetailWorker.swift in Sources */,
				9C27777521429197006CA360 /* MobileDetailStore.swift in Sources */,
				9C27777B21429197006CA360 /* MobileDetailInteractor.swift in Sources */,
				9C834B4D214623BE0016750D /* MobileImageCollectionCell.swift in Sources */,
				9C27776B21427EDD006CA360 /* CustomSegmentedControl.swift in Sources */,
				9C834B5221464BF50016750D /* UIView+Extension.swift in Sources */,
				9C529CAC2140DF09002C09C2 /* ListMobileWorker.swift in Sources */,
				9C529CAD2140DF09002C09C2 /* ListMobileRouter.swift in Sources */,
				9C27776121423CB7006CA360 /* MobileData.swift in Sources */,
				9C27777621429197006CA360 /* MobileDetailPresenter.swift in Sources */,
				9CA0D09C2140D65D00B0CB46 /* AppDelegate.swift in Sources */,
			);
			runOnlyForDeploymentPostprocessing = 0;
		};
		9CA0D0A82140D65E00B0CB46 /* Sources */ = {
			isa = PBXSourcesBuildPhase;
			buildActionMask = 2147483647;
			files = (
				9CA0D0B12140D65E00B0CB46 /* mbpg_cleanswiftTests.swift in Sources */,
			);
			runOnlyForDeploymentPostprocessing = 0;
		};
/* End PBXSourcesBuildPhase section */

/* Begin PBXTargetDependency section */
		9CA0D0AE2140D65E00B0CB46 /* PBXTargetDependency */ = {
			isa = PBXTargetDependency;
			target = 9CA0D0972140D65D00B0CB46 /* mbpg_cleanswift */;
			targetProxy = 9CA0D0AD2140D65E00B0CB46 /* PBXContainerItemProxy */;
		};
/* End PBXTargetDependency section */

/* Begin PBXVariantGroup section */
		9CA0D09F2140D65D00B0CB46 /* Main.storyboard */ = {
			isa = PBXVariantGroup;
			children = (
				9CA0D0A02140D65D00B0CB46 /* Base */,
			);
			name = Main.storyboard;
			sourceTree = "<group>";
		};
		9CA0D0A42140D65E00B0CB46 /* LaunchScreen.storyboard */ = {
			isa = PBXVariantGroup;
			children = (
				9CA0D0A52140D65E00B0CB46 /* Base */,
			);
			name = LaunchScreen.storyboard;
			sourceTree = "<group>";
		};
/* End PBXVariantGroup section */

/* Begin XCBuildConfiguration section */
		9CA0D0B32140D65E00B0CB46 /* Debug */ = {
			isa = XCBuildConfiguration;
			buildSettings = {
				ALWAYS_SEARCH_USER_PATHS = NO;
				CLANG_ANALYZER_NONNULL = YES;
				CLANG_ANALYZER_NUMBER_OBJECT_CONVERSION = YES_AGGRESSIVE;
				CLANG_CXX_LANGUAGE_STANDARD = "gnu++14";
				CLANG_CXX_LIBRARY = "libc++";
				CLANG_ENABLE_MODULES = YES;
				CLANG_ENABLE_OBJC_ARC = YES;
				CLANG_ENABLE_OBJC_WEAK = YES;
				CLANG_WARN_BLOCK_CAPTURE_AUTORELEASING = YES;
				CLANG_WARN_BOOL_CONVERSION = YES;
				CLANG_WARN_COMMA = YES;
				CLANG_WARN_CONSTANT_CONVERSION = YES;
				CLANG_WARN_DEPRECATED_OBJC_IMPLEMENTATIONS = YES;
				CLANG_WARN_DIRECT_OBJC_ISA_USAGE = YES_ERROR;
				CLANG_WARN_DOCUMENTATION_COMMENTS = YES;
				CLANG_WARN_EMPTY_BODY = YES;
				CLANG_WARN_ENUM_CONVERSION = YES;
				CLANG_WARN_INFINITE_RECURSION = YES;
				CLANG_WARN_INT_CONVERSION = YES;
				CLANG_WARN_NON_LITERAL_NULL_CONVERSION = YES;
				CLANG_WARN_OBJC_IMPLICIT_RETAIN_SELF = YES;
				CLANG_WARN_OBJC_LITERAL_CONVERSION = YES;
				CLANG_WARN_OBJC_ROOT_CLASS = YES_ERROR;
				CLANG_WARN_RANGE_LOOP_ANALYSIS = YES;
				CLANG_WARN_STRICT_PROTOTYPES = YES;
				CLANG_WARN_SUSPICIOUS_MOVE = YES;
				CLANG_WARN_UNGUARDED_AVAILABILITY = YES_AGGRESSIVE;
				CLANG_WARN_UNREACHABLE_CODE = YES;
				CLANG_WARN__DUPLICATE_METHOD_MATCH = YES;
				CODE_SIGN_IDENTITY = "iPhone Developer";
				COPY_PHASE_STRIP = NO;
				DEBUG_INFORMATION_FORMAT = dwarf;
				ENABLE_STRICT_OBJC_MSGSEND = YES;
				ENABLE_TESTABILITY = YES;
				GCC_C_LANGUAGE_STANDARD = gnu11;
				GCC_DYNAMIC_NO_PIC = NO;
				GCC_NO_COMMON_BLOCKS = YES;
				GCC_OPTIMIZATION_LEVEL = 0;
				GCC_PREPROCESSOR_DEFINITIONS = (
					"DEBUG=1",
					"$(inherited)",
				);
				GCC_WARN_64_TO_32_BIT_CONVERSION = YES;
				GCC_WARN_ABOUT_RETURN_TYPE = YES_ERROR;
				GCC_WARN_UNDECLARED_SELECTOR = YES;
				GCC_WARN_UNINITIALIZED_AUTOS = YES_AGGRESSIVE;
				GCC_WARN_UNUSED_FUNCTION = YES;
				GCC_WARN_UNUSED_VARIABLE = YES;
				IPHONEOS_DEPLOYMENT_TARGET = 11.4;
				MTL_ENABLE_DEBUG_INFO = YES;
				ONLY_ACTIVE_ARCH = YES;
				SDKROOT = iphoneos;
				SWIFT_ACTIVE_COMPILATION_CONDITIONS = DEBUG;
				SWIFT_OPTIMIZATION_LEVEL = "-Onone";
			};
			name = Debug;
		};
		9CA0D0B42140D65E00B0CB46 /* Release */ = {
			isa = XCBuildConfiguration;
			buildSettings = {
				ALWAYS_SEARCH_USER_PATHS = NO;
				CLANG_ANALYZER_NONNULL = YES;
				CLANG_ANALYZER_NUMBER_OBJECT_CONVERSION = YES_AGGRESSIVE;
				CLANG_CXX_LANGUAGE_STANDARD = "gnu++14";
				CLANG_CXX_LIBRARY = "libc++";
				CLANG_ENABLE_MODULES = YES;
				CLANG_ENABLE_OBJC_ARC = YES;
				CLANG_ENABLE_OBJC_WEAK = YES;
				CLANG_WARN_BLOCK_CAPTURE_AUTORELEASING = YES;
				CLANG_WARN_BOOL_CONVERSION = YES;
				CLANG_WARN_COMMA = YES;
				CLANG_WARN_CONSTANT_CONVERSION = YES;
				CLANG_WARN_DEPRECATED_OBJC_IMPLEMENTATIONS = YES;
				CLANG_WARN_DIRECT_OBJC_ISA_USAGE = YES_ERROR;
				CLANG_WARN_DOCUMENTATION_COMMENTS = YES;
				CLANG_WARN_EMPTY_BODY = YES;
				CLANG_WARN_ENUM_CONVERSION = YES;
				CLANG_WARN_INFINITE_RECURSION = YES;
				CLANG_WARN_INT_CONVERSION = YES;
				CLANG_WARN_NON_LITERAL_NULL_CONVERSION = YES;
				CLANG_WARN_OBJC_IMPLICIT_RETAIN_SELF = YES;
				CLANG_WARN_OBJC_LITERAL_CONVERSION = YES;
				CLANG_WARN_OBJC_ROOT_CLASS = YES_ERROR;
				CLANG_WARN_RANGE_LOOP_ANALYSIS = YES;
				CLANG_WARN_STRICT_PROTOTYPES = YES;
				CLANG_WARN_SUSPICIOUS_MOVE = YES;
				CLANG_WARN_UNGUARDED_AVAILABILITY = YES_AGGRESSIVE;
				CLANG_WARN_UNREACHABLE_CODE = YES;
				CLANG_WARN__DUPLICATE_METHOD_MATCH = YES;
				CODE_SIGN_IDENTITY = "iPhone Developer";
				COPY_PHASE_STRIP = NO;
				DEBUG_INFORMATION_FORMAT = "dwarf-with-dsym";
				ENABLE_NS_ASSERTIONS = NO;
				ENABLE_STRICT_OBJC_MSGSEND = YES;
				GCC_C_LANGUAGE_STANDARD = gnu11;
				GCC_NO_COMMON_BLOCKS = YES;
				GCC_WARN_64_TO_32_BIT_CONVERSION = YES;
				GCC_WARN_ABOUT_RETURN_TYPE = YES_ERROR;
				GCC_WARN_UNDECLARED_SELECTOR = YES;
				GCC_WARN_UNINITIALIZED_AUTOS = YES_AGGRESSIVE;
				GCC_WARN_UNUSED_FUNCTION = YES;
				GCC_WARN_UNUSED_VARIABLE = YES;
				IPHONEOS_DEPLOYMENT_TARGET = 11.4;
				MTL_ENABLE_DEBUG_INFO = NO;
				SDKROOT = iphoneos;
				SWIFT_COMPILATION_MODE = wholemodule;
				SWIFT_OPTIMIZATION_LEVEL = "-O";
				VALIDATE_PRODUCT = YES;
			};
			name = Release;
		};
		9CA0D0B62140D65E00B0CB46 /* Debug */ = {
			isa = XCBuildConfiguration;
			baseConfigurationReference = 5EB22CBD3EFFE334B6EB042F /* Pods-mbpg_cleanswift.debug.xcconfig */;
			buildSettings = {
				ASSETCATALOG_COMPILER_APPICON_NAME = AppIcon;
				CODE_SIGN_IDENTITY = "iPhone Developer";
				CODE_SIGN_STYLE = Automatic;
				DEVELOPMENT_TEAM = 8PN46S26NS;
				FRAMEWORK_SEARCH_PATHS = (
					"$(inherited)",
					"$(PROJECT_DIR)/Carthage/Build/iOS",
				);
				INFOPLIST_FILE = mbpg_cleanswift/Info.plist;
				LD_RUNPATH_SEARCH_PATHS = (
					"$(inherited)",
					"@executable_path/Frameworks",
				);
				PRODUCT_BUNDLE_IDENTIFIER = "com.rattee.mbpg-cleanswift";
				PRODUCT_NAME = "$(TARGET_NAME)";
				PROVISIONING_PROFILE_SPECIFIER = "";
				SWIFT_VERSION = 4.0;
				TARGETED_DEVICE_FAMILY = "1,2";
			};
			name = Debug;
		};
		9CA0D0B72140D65E00B0CB46 /* Release */ = {
			isa = XCBuildConfiguration;
			baseConfigurationReference = 91E4F90EC0D9F3FD6E188E05 /* Pods-mbpg_cleanswift.release.xcconfig */;
			buildSettings = {
				ASSETCATALOG_COMPILER_APPICON_NAME = AppIcon;
				CODE_SIGN_IDENTITY = "iPhone Developer";
				CODE_SIGN_STYLE = Automatic;
				DEVELOPMENT_TEAM = 8PN46S26NS;
				FRAMEWORK_SEARCH_PATHS = (
					"$(inherited)",
					"$(PROJECT_DIR)/Carthage/Build/iOS",
				);
				INFOPLIST_FILE = mbpg_cleanswift/Info.plist;
				LD_RUNPATH_SEARCH_PATHS = (
					"$(inherited)",
					"@executable_path/Frameworks",
				);
				PRODUCT_BUNDLE_IDENTIFIER = "com.rattee.mbpg-cleanswift";
				PRODUCT_NAME = "$(TARGET_NAME)";
				PROVISIONING_PROFILE_SPECIFIER = "";
				SWIFT_VERSION = 4.0;
				TARGETED_DEVICE_FAMILY = "1,2";
			};
			name = Release;
		};
		9CA0D0B92140D65E00B0CB46 /* Debug */ = {
			isa = XCBuildConfiguration;
			baseConfigurationReference = 32F3D0964EE75141538FEFE2 /* Pods-mbpg_cleanswiftTests.debug.xcconfig */;
			buildSettings = {
				ALWAYS_EMBED_SWIFT_STANDARD_LIBRARIES = YES;
				BUNDLE_LOADER = "$(TEST_HOST)";
				CODE_SIGN_STYLE = Automatic;
				INFOPLIST_FILE = mbpg_cleanswiftTests/Info.plist;
				LD_RUNPATH_SEARCH_PATHS = (
					"$(inherited)",
					"@executable_path/Frameworks",
					"@loader_path/Frameworks",
				);
				PRODUCT_BUNDLE_IDENTIFIER = "com.rattee.mbpg-cleanswiftTests";
				PRODUCT_NAME = "$(TARGET_NAME)";
				SWIFT_VERSION = 4.0;
				TARGETED_DEVICE_FAMILY = "1,2";
				TEST_HOST = "$(BUILT_PRODUCTS_DIR)/mbpg_cleanswift.app/mbpg_cleanswift";
			};
			name = Debug;
		};
		9CA0D0BA2140D65E00B0CB46 /* Release */ = {
			isa = XCBuildConfiguration;
			baseConfigurationReference = 69E86CB1CA2183E27784879C /* Pods-mbpg_cleanswiftTests.release.xcconfig */;
			buildSettings = {
				ALWAYS_EMBED_SWIFT_STANDARD_LIBRARIES = YES;
				BUNDLE_LOADER = "$(TEST_HOST)";
				CODE_SIGN_STYLE = Automatic;
				INFOPLIST_FILE = mbpg_cleanswiftTests/Info.plist;
				LD_RUNPATH_SEARCH_PATHS = (
					"$(inherited)",
					"@executable_path/Frameworks",
					"@loader_path/Frameworks",
				);
				PRODUCT_BUNDLE_IDENTIFIER = "com.rattee.mbpg-cleanswiftTests";
				PRODUCT_NAME = "$(TARGET_NAME)";
				SWIFT_VERSION = 4.0;
				TARGETED_DEVICE_FAMILY = "1,2";
				TEST_HOST = "$(BUILT_PRODUCTS_DIR)/mbpg_cleanswift.app/mbpg_cleanswift";
			};
			name = Release;
		};
/* End XCBuildConfiguration section */

/* Begin XCConfigurationList section */
		9CA0D0932140D65D00B0CB46 /* Build configuration list for PBXProject "mbpg_cleanswift" */ = {
			isa = XCConfigurationList;
			buildConfigurations = (
				9CA0D0B32140D65E00B0CB46 /* Debug */,
				9CA0D0B42140D65E00B0CB46 /* Release */,
			);
			defaultConfigurationIsVisible = 0;
			defaultConfigurationName = Release;
		};
		9CA0D0B52140D65E00B0CB46 /* Build configuration list for PBXNativeTarget "mbpg_cleanswift" */ = {
			isa = XCConfigurationList;
			buildConfigurations = (
				9CA0D0B62140D65E00B0CB46 /* Debug */,
				9CA0D0B72140D65E00B0CB46 /* Release */,
			);
			defaultConfigurationIsVisible = 0;
			defaultConfigurationName = Release;
		};
		9CA0D0B82140D65E00B0CB46 /* Build configuration list for PBXNativeTarget "mbpg_cleanswiftTests" */ = {
			isa = XCConfigurationList;
			buildConfigurations = (
				9CA0D0B92140D65E00B0CB46 /* Debug */,
				9CA0D0BA2140D65E00B0CB46 /* Release */,
			);
			defaultConfigurationIsVisible = 0;
			defaultConfigurationName = Release;
		};
/* End XCConfigurationList section */
	};
	rootObject = 9CA0D0902140D65D00B0CB46 /* Project object */;
}
